
Microsoft Visual Studio Solution File, Format Version 12.00
# Visual Studio Version 17
VisualStudioVersion = 17.3.32811.315
MinimumVisualStudioVersion = 10.0.40219.1
Project("{2150E333-8FDC-42A3-9474-1A3956D46DE8}") = "src", "src", "{137DD36E-D566-42E1-BE12-BA281EA043D6}"
EndProject
Project("{2150E333-8FDC-42A3-9474-1A3956D46DE8}") = "docs", "docs", "{73B0B0D2-CA0C-4765-BED0-F1EA01E359E5}"
EndProject
Project("{2150E333-8FDC-42A3-9474-1A3956D46DE8}") = "tests", "tests", "{3C30D14B-46B8-4DB0-AA74-8B6532005D54}"
EndProject
Project("{2150E333-8FDC-42A3-9474-1A3956D46DE8}") = "API", "API", "{439B5C50-3729-4F5D-8CC2-0DC0CCE8FE17}"
EndProject
Project("{2150E333-8FDC-42A3-9474-1A3956D46DE8}") = "Core", "Core", "{1E377FC6-DA71-4D1F-B18C-100475EEC827}"
EndProject
Project("{2150E333-8FDC-42A3-9474-1A3956D46DE8}") = "Infrastructure", "Infrastructure", "{CF7AB3B2-C750-4237-AAE9-5B272866EE33}"
EndProject
Project("{FAE04EC0-301F-11D3-BF4B-00C04F79EFBC}") = "domain", "domain\domain.csproj", "{E528BBC3-1C26-8C35-F682-23718816ADCD}"
EndProject
Project("{FAE04EC0-301F-11D3-BF4B-00C04F79EFBC}") = "application", "application\application.csproj", "{F80C4E72-27A0-12B5-0634-DD5C11CFB0C1}"
EndProject
Project("{FAE04EC0-301F-11D3-BF4B-00C04F79EFBC}") = "common", "common\common.csproj", "{E15E491A-E872-91D8-DF7A-CA59C792F064}"
EndProject
Project("{FAE04EC0-301F-11D3-BF4B-00C04F79EFBC}") = "infrastructure", "infrastructure\infrastructure.csproj", "{5872AEB3-BAA3-FE31-B0EB-0FB6DBEDCF83}"
EndProject
Project("{FAE04EC0-301F-11D3-BF4B-00C04F79EFBC}") = "api", "api\api.csproj", "{CBFA08EA-AECE-205F-7B85-326FD0B81BAD}"
EndProject
Project("{FAE04EC0-301F-11D3-BF4B-00C04F79EFBC}") = "application-unittests", "unittests\application-unittests.csproj", "{5B3E0775-7DF3-3DB6-6CA3-EAE83FAFAAD6}"
EndProject
Global
	GlobalSection(SolutionConfigurationPlatforms) = preSolution
		Debug|Any CPU = Debug|Any CPU
		Release|Any CPU = Release|Any CPU
	EndGlobalSection
	GlobalSection(ProjectConfigurationPlatforms) = postSolution
		{E528BBC3-1C26-8C35-F682-23718816ADCD}.Debug|Any CPU.ActiveCfg = Debug|Any CPU
		{E528BBC3-1C26-8C35-F682-23718816ADCD}.Debug|Any CPU.Build.0 = Debug|Any CPU
		{E528BBC3-1C26-8C35-F682-23718816ADCD}.Release|Any CPU.ActiveCfg = Release|Any CPU
		{E528BBC3-1C26-8C35-F682-23718816ADCD}.Release|Any CPU.Build.0 = Release|Any CPU
		{F80C4E72-27A0-12B5-0634-DD5C11CFB0C1}.Debug|Any CPU.ActiveCfg = Debug|Any CPU
		{F80C4E72-27A0-12B5-0634-DD5C11CFB0C1}.Debug|Any CPU.Build.0 = Debug|Any CPU
		{F80C4E72-27A0-12B5-0634-DD5C11CFB0C1}.Release|Any CPU.ActiveCfg = Release|Any CPU
		{F80C4E72-27A0-12B5-0634-DD5C11CFB0C1}.Release|Any CPU.Build.0 = Release|Any CPU
		{E15E491A-E872-91D8-DF7A-CA59C792F064}.Debug|Any CPU.ActiveCfg = Debug|Any CPU
		{E15E491A-E872-91D8-DF7A-CA59C792F064}.Debug|Any CPU.Build.0 = Debug|Any CPU
		{E15E491A-E872-91D8-DF7A-CA59C792F064}.Release|Any CPU.ActiveCfg = Release|Any CPU
		{E15E491A-E872-91D8-DF7A-CA59C792F064}.Release|Any CPU.Build.0 = Release|Any CPU
		{5872AEB3-BAA3-FE31-B0EB-0FB6DBEDCF83}.Debug|Any CPU.ActiveCfg = Debug|Any CPU
		{5872AEB3-BAA3-FE31-B0EB-0FB6DBEDCF83}.Debug|Any CPU.Build.0 = Debug|Any CPU
		{5872AEB3-BAA3-FE31-B0EB-0FB6DBEDCF83}.Release|Any CPU.ActiveCfg = Release|Any CPU
		{5872AEB3-BAA3-FE31-B0EB-0FB6DBEDCF83}.Release|Any CPU.Build.0 = Release|Any CPU
		{CBFA08EA-AECE-205F-7B85-326FD0B81BAD}.Debug|Any CPU.ActiveCfg = Debug|Any CPU
		{CBFA08EA-AECE-205F-7B85-326FD0B81BAD}.Debug|Any CPU.Build.0 = Debug|Any CPU
		{CBFA08EA-AECE-205F-7B85-326FD0B81BAD}.Release|Any CPU.ActiveCfg = Release|Any CPU
		{CBFA08EA-AECE-205F-7B85-326FD0B81BAD}.Release|Any CPU.Build.0 = Release|Any CPU
		{5B3E0775-7DF3-3DB6-6CA3-EAE83FAFAAD6}.Debug|Any CPU.ActiveCfg = Debug|Any CPU
		{5B3E0775-7DF3-3DB6-6CA3-EAE83FAFAAD6}.Debug|Any CPU.Build.0 = Debug|Any CPU
		{5B3E0775-7DF3-3DB6-6CA3-EAE83FAFAAD6}.Release|Any CPU.ActiveCfg = Release|Any CPU
		{5B3E0775-7DF3-3DB6-6CA3-EAE83FAFAAD6}.Release|Any CPU.Build.0 = Release|Any CPU
	EndGlobalSection
	GlobalSection(SolutionProperties) = preSolution
		HideSolutionNode = FALSE
	EndGlobalSection
	GlobalSection(NestedProjects) = preSolution
		{439B5C50-3729-4F5D-8CC2-0DC0CCE8FE17} = {137DD36E-D566-42E1-BE12-BA281EA043D6}
		{1E377FC6-DA71-4D1F-B18C-100475EEC827} = {137DD36E-D566-42E1-BE12-BA281EA043D6}
		{CF7AB3B2-C750-4237-AAE9-5B272866EE33} = {137DD36E-D566-42E1-BE12-BA281EA043D6}
		{E528BBC3-1C26-8C35-F682-23718816ADCD} = {1E377FC6-DA71-4D1F-B18C-100475EEC827}
		{F80C4E72-27A0-12B5-0634-DD5C11CFB0C1} = {1E377FC6-DA71-4D1F-B18C-100475EEC827}
		{E15E491A-E872-91D8-DF7A-CA59C792F064} = {CF7AB3B2-C750-4237-AAE9-5B272866EE33}
		{5872AEB3-BAA3-FE31-B0EB-0FB6DBEDCF83} = {CF7AB3B2-C750-4237-AAE9-5B272866EE33}
		{CBFA08EA-AECE-205F-7B85-326FD0B81BAD} = {439B5C50-3729-4F5D-8CC2-0DC0CCE8FE17}
		{5B3E0775-7DF3-3DB6-6CA3-EAE83FAFAAD6} = {3C30D14B-46B8-4DB0-AA74-8B6532005D54}
	EndGlobalSection
	GlobalSection(ExtensibilityGlobals) = postSolution
		SolutionGuid = {A4E572E3-6344-47C1-A6E0-FB111F5DC18C}
	EndGlobalSection
EndGlobal
